
Microsoft Visual Studio Solution File, Format Version 12.00
# Visual Studio Version 16
VisualStudioVersion = 16.0.29709.97
MinimumVisualStudioVersion = 10.0.40219.1
Project("{FAE04EC0-301F-11D3-BF4B-00C04F79EFBC}") = "AGS.Plugin.AgsGet", "AGS.Plugin.AgsGet.csproj", "{540DA59C-39F9-4B95-B2C0-8458FF7E0B95}"
EndProject
Global
	GlobalSection(SolutionConfigurationPlatforms) = preSolution
		Debug|Any CPU = Debug|Any CPU
		Release|Any CPU = Release|Any CPU
	EndGlobalSection
	GlobalSection(ProjectConfigurationPlatforms) = postSolution
		{540DA59C-39F9-4B95-B2C0-8458FF7E0B95}.Debug|Any CPU.ActiveCfg = Debug|Any CPU
		{540DA59C-39F9-4B95-B2C0-8458FF7E0B95}.Debug|Any CPU.Build.0 = Debug|Any CPU
		{540DA59C-39F9-4B95-B2C0-8458FF7E0B95}.Release|Any CPU.ActiveCfg = Release|Any CPU
		{540DA59C-39F9-4B95-B2C0-8458FF7E0B95}.Release|Any CPU.Build.0 = Release|Any CPU
	EndGlobalSection
	GlobalSection(SolutionProperties) = preSolution
		HideSolutionNode = FALSE
	EndGlobalSection
	GlobalSection(ExtensibilityGlobals) = postSolution
		SolutionGuid = {48CB1F02-43D3-4BA3-9247-9BDBCC3A3D6D}
	EndGlobalSection
EndGlobal
