
Microsoft Visual Studio Solution File, Format Version 12.00
# Visual Studio 15
VisualStudioVersion = 15.0.28307.757
MinimumVisualStudioVersion = 10.0.40219.1
Project("{FAE04EC0-301F-11D3-BF4B-00C04F79EFBC}") = "agsget", "agsget\agsget.csproj", "{3AB4697E-C713-4C74-8592-C4AF3C268E9E}"
EndProject
Global
	GlobalSection(SolutionConfigurationPlatforms) = preSolution
		Debug|Any CPU = Debug|Any CPU
		Release|Any CPU = Release|Any CPU
	EndGlobalSection
	GlobalSection(ProjectConfigurationPlatforms) = postSolution
		{3AB4697E-C713-4C74-8592-C4AF3C268E9E}.Debug|Any CPU.ActiveCfg = Debug|Any CPU
		{3AB4697E-C713-4C74-8592-C4AF3C268E9E}.Debug|Any CPU.Build.0 = Debug|Any CPU
		{3AB4697E-C713-4C74-8592-C4AF3C268E9E}.Release|Any CPU.ActiveCfg = Release|Any CPU
		{3AB4697E-C713-4C74-8592-C4AF3C268E9E}.Release|Any CPU.Build.0 = Release|Any CPU
	EndGlobalSection
	GlobalSection(SolutionProperties) = preSolution
		HideSolutionNode = FALSE
	EndGlobalSection
	GlobalSection(ExtensibilityGlobals) = postSolution
		SolutionGuid = {0A264370-0031-42CF-9679-8DF876952DDB}
	EndGlobalSection
EndGlobal
